
Microsoft Visual Studio Solution File, Format Version 12.00
# Visual Studio Version 17
VisualStudioVersion = 17.8.34330.188
MinimumVisualStudioVersion = 10.0.40219.1
Project("{FAE04EC0-301F-11D3-BF4B-00C04F79EFBC}") = "Test_01", "Test_01.csproj", "{584941E2-7D6A-46FA-95F5-94FD1E22BDF0}"
EndProject
Global
	GlobalSection(SolutionConfigurationPlatforms) = preSolution
		Debug|Any CPU = Debug|Any CPU
		Release|Any CPU = Release|Any CPU
	EndGlobalSection
	GlobalSection(ProjectConfigurationPlatforms) = postSolution
		{584941E2-7D6A-46FA-95F5-94FD1E22BDF0}.Debug|Any CPU.ActiveCfg = Debug|Any CPU
		{584941E2-7D6A-46FA-95F5-94FD1E22BDF0}.Debug|Any CPU.Build.0 = Debug|Any CPU
		{584941E2-7D6A-46FA-95F5-94FD1E22BDF0}.Release|Any CPU.ActiveCfg = Release|Any CPU
		{584941E2-7D6A-46FA-95F5-94FD1E22BDF0}.Release|Any CPU.Build.0 = Release|Any CPU
	EndGlobalSection
	GlobalSection(SolutionProperties) = preSolution
		HideSolutionNode = FALSE
	EndGlobalSection
	GlobalSection(ExtensibilityGlobals) = postSolution
		SolutionGuid = {F41C35D9-0A93-4E8D-9263-CBEACC9E3DAF}
	EndGlobalSection
EndGlobal
